// !$*UTF8*$!
{
	archiveVersion = 1;
	classes = {
	};
	objectVersion = 46;
	objects = {

/* Begin PBXBuildFile section */
		3817ED0E1DC682E60050045C /* AppDelegate.swift in Sources */ = {isa = PBXBuildFile; fileRef = 3817ED0D1DC682E60050045C /* AppDelegate.swift */; };
		3817ED101DC682E60050045C /* ViewController.swift in Sources */ = {isa = PBXBuildFile; fileRef = 3817ED0F1DC682E60050045C /* ViewController.swift */; };
		3817ED131DC682E60050045C /* Main.storyboard in Resources */ = {isa = PBXBuildFile; fileRef = 3817ED111DC682E60050045C /* Main.storyboard */; };
		3817ED151DC682E60050045C /* Assets.xcassets in Resources */ = {isa = PBXBuildFile; fileRef = 3817ED141DC682E60050045C /* Assets.xcassets */; };
		3817ED181DC682E60050045C /* LaunchScreen.storyboard in Resources */ = {isa = PBXBuildFile; fileRef = 3817ED161DC682E60050045C /* LaunchScreen.storyboard */; };
		3817ED201DC684D30050045C /* ArticleCell.swift in Sources */ = {isa = PBXBuildFile; fileRef = 3817ED1F1DC684D30050045C /* ArticleCell.swift */; };
		3817ED221DC6856E0050045C /* Article.swift in Sources */ = {isa = PBXBuildFile; fileRef = 3817ED211DC6856E0050045C /* Article.swift */; };
		4050F8CC21AFEA78000667C8 /* GoogleService-Info.plist in Resources */ = {isa = PBXBuildFile; fileRef = 4050F8CB21AFEA78000667C8 /* GoogleService-Info.plist */; };
		406279CE21A6B7450035AC0A /* RegisterPageViewController.swift in Sources */ = {isa = PBXBuildFile; fileRef = 406279CD21A6B7450035AC0A /* RegisterPageViewController.swift */; };
		406279D021A6BC6A0035AC0A /* LoginViewController.swift in Sources */ = {isa = PBXBuildFile; fileRef = 406279CF21A6BC6A0035AC0A /* LoginViewController.swift */; };
		8F0F64966578D3584AB56F9A /* libPods-newsReader.a in Frameworks */ = {isa = PBXBuildFile; fileRef = D2B06BCF568950EA2F756511 /* libPods-newsReader.a */; };
/* End PBXBuildFile section */

/* Begin PBXFileReference section */
		3817ED0A1DC682E60050045C /* newsReader.app */ = {isa = PBXFileReference; explicitFileType = wrapper.application; includeInIndex = 0; path = newsReader.app; sourceTree = BUILT_PRODUCTS_DIR; };
		3817ED0D1DC682E60050045C /* AppDelegate.swift */ = {isa = PBXFileReference; lastKnownFileType = sourcecode.swift; path = AppDelegate.swift; sourceTree = "<group>"; };
		3817ED0F1DC682E60050045C /* ViewController.swift */ = {isa = PBXFileReference; lastKnownFileType = sourcecode.swift; path = ViewController.swift; sourceTree = "<group>"; };
		3817ED121DC682E60050045C /* Base */ = {isa = PBXFileReference; lastKnownFileType = file.storyboard; name = Base; path = Base.lproj/Main.storyboard; sourceTree = "<group>"; };
		3817ED141DC682E60050045C /* Assets.xcassets */ = {isa = PBXFileReference; lastKnownFileType = folder.assetcatalog; path = Assets.xcassets; sourceTree = "<group>"; };
		3817ED171DC682E60050045C /* Base */ = {isa = PBXFileReference; lastKnownFileType = file.storyboard; name = Base; path = Base.lproj/LaunchScreen.storyboard; sourceTree = "<group>"; };
		3817ED191DC682E60050045C /* Info.plist */ = {isa = PBXFileReference; lastKnownFileType = text.plist.xml; path = Info.plist; sourceTree = "<group>"; };
		3817ED1F1DC684D30050045C /* ArticleCell.swift */ = {isa = PBXFileReference; fileEncoding = 4; lastKnownFileType = sourcecode.swift; path = ArticleCell.swift; sourceTree = "<group>"; };
		3817ED211DC6856E0050045C /* Article.swift */ = {isa = PBXFileReference; fileEncoding = 4; lastKnownFileType = sourcecode.swift; path = Article.swift; sourceTree = "<group>"; };
		4050F8CB21AFEA78000667C8 /* GoogleService-Info.plist */ = {isa = PBXFileReference; fileEncoding = 4; lastKnownFileType = text.plist.xml; path = "GoogleService-Info.plist"; sourceTree = "<group>"; };
		406279CD21A6B7450035AC0A /* RegisterPageViewController.swift */ = {isa = PBXFileReference; lastKnownFileType = sourcecode.swift; path = RegisterPageViewController.swift; sourceTree = "<group>"; };
		406279CF21A6BC6A0035AC0A /* LoginViewController.swift */ = {isa = PBXFileReference; lastKnownFileType = sourcecode.swift; path = LoginViewController.swift; sourceTree = "<group>"; };
		A28A6DC3D67BDF7737887849 /* Pods-newsReader.release.xcconfig */ = {isa = PBXFileReference; includeInIndex = 1; lastKnownFileType = text.xcconfig; name = "Pods-newsReader.release.xcconfig"; path = "Pods/Target Support Files/Pods-newsReader/Pods-newsReader.release.xcconfig"; sourceTree = "<group>"; };
		CC50310B84E840E22D01B1CB /* Pods-newsReader.debug.xcconfig */ = {isa = PBXFileReference; includeInIndex = 1; lastKnownFileType = text.xcconfig; name = "Pods-newsReader.debug.xcconfig"; path = "Pods/Target Support Files/Pods-newsReader/Pods-newsReader.debug.xcconfig"; sourceTree = "<group>"; };
		D2B06BCF568950EA2F756511 /* libPods-newsReader.a */ = {isa = PBXFileReference; explicitFileType = archive.ar; includeInIndex = 0; path = "libPods-newsReader.a"; sourceTree = BUILT_PRODUCTS_DIR; };
/* End PBXFileReference section */

/* Begin PBXFrameworksBuildPhase section */
		3817ED071DC682E60050045C /* Frameworks */ = {
			isa = PBXFrameworksBuildPhase;
			buildActionMask = 2147483647;
			files = (
				8F0F64966578D3584AB56F9A /* libPods-newsReader.a in Frameworks */,
			);
			runOnlyForDeploymentPostprocessing = 0;
		};
/* End PBXFrameworksBuildPhase section */

/* Begin PBXGroup section */
		22A02D15C68ED2FA23779132 /* Pods */ = {
			isa = PBXGroup;
			children = (
				CC50310B84E840E22D01B1CB /* Pods-newsReader.debug.xcconfig */,
				A28A6DC3D67BDF7737887849 /* Pods-newsReader.release.xcconfig */,
			);
			name = Pods;
			sourceTree = "<group>";
		};
		3817ED011DC682E60050045C = {
			isa = PBXGroup;
			children = (
				3817ED0C1DC682E60050045C /* newsReader */,
				3817ED0B1DC682E60050045C /* Products */,
				22A02D15C68ED2FA23779132 /* Pods */,
				56CA86069813C4E0CE1D9803 /* Frameworks */,
			);
			sourceTree = "<group>";
		};
		3817ED0B1DC682E60050045C /* Products */ = {
			isa = PBXGroup;
			children = (
				3817ED0A1DC682E60050045C /* newsReader.app */,
			);
			name = Products;
			sourceTree = "<group>";
		};
		3817ED0C1DC682E60050045C /* newsReader */ = {
			isa = PBXGroup;
			children = (
				4050F8CB21AFEA78000667C8 /* GoogleService-Info.plist */,
				3817ED0D1DC682E60050045C /* AppDelegate.swift */,
				3817ED0F1DC682E60050045C /* ViewController.swift */,
				3817ED111DC682E60050045C /* Main.storyboard */,
				3817ED141DC682E60050045C /* Assets.xcassets */,
				3817ED161DC682E60050045C /* LaunchScreen.storyboard */,
				3817ED191DC682E60050045C /* Info.plist */,
				3817ED1F1DC684D30050045C /* ArticleCell.swift */,
				3817ED211DC6856E0050045C /* Article.swift */,
				406279CD21A6B7450035AC0A /* RegisterPageViewController.swift */,
				406279CF21A6BC6A0035AC0A /* LoginViewController.swift */,
			);
			path = newsReader;
			sourceTree = "<group>";
		};
		56CA86069813C4E0CE1D9803 /* Frameworks */ = {
			isa = PBXGroup;
			children = (
				D2B06BCF568950EA2F756511 /* libPods-newsReader.a */,
			);
			name = Frameworks;
			sourceTree = "<group>";
		};
/* End PBXGroup section */

/* Begin PBXNativeTarget section */
		3817ED091DC682E60050045C /* newsReader */ = {
			isa = PBXNativeTarget;
			buildConfigurationList = 3817ED1C1DC682E60050045C /* Build configuration list for PBXNativeTarget "newsReader" */;
			buildPhases = (
				5567BFA40CECD3E8B481002E /* [CP] Check Pods Manifest.lock */,
				3817ED061DC682E60050045C /* Sources */,
				3817ED071DC682E60050045C /* Frameworks */,
				3817ED081DC682E60050045C /* Resources */,
			);
			buildRules = (
			);
			dependencies = (
			);
			name = newsReader;
			productName = newsReader;
			productReference = 3817ED0A1DC682E60050045C /* newsReader.app */;
			productType = "com.apple.product-type.application";
		};
/* End PBXNativeTarget section */

/* Begin PBXProject section */
		3817ED021DC682E60050045C /* Project object */ = {
			isa = PBXProject;
			attributes = {
				LastSwiftUpdateCheck = 0810;
				LastUpgradeCheck = 0810;
				ORGANIZATIONNAME = Nunev;
				TargetAttributes = {
					3817ED091DC682E60050045C = {
						CreatedOnToolsVersion = 8.1;
						ProvisioningStyle = Manual;
					};
				};
			};
			buildConfigurationList = 3817ED051DC682E60050045C /* Build configuration list for PBXProject "newsReader" */;
			compatibilityVersion = "Xcode 3.2";
			developmentRegion = English;
			hasScannedForEncodings = 0;
			knownRegions = (
				en,
				Base,
			);
			mainGroup = 3817ED011DC682E60050045C;
			productRefGroup = 3817ED0B1DC682E60050045C /* Products */;
			projectDirPath = "";
			projectRoot = "";
			targets = (
				3817ED091DC682E60050045C /* newsReader */,
			);
		};
/* End PBXProject section */

/* Begin PBXResourcesBuildPhase section */
		3817ED081DC682E60050045C /* Resources */ = {
			isa = PBXResourcesBuildPhase;
			buildActionMask = 2147483647;
			files = (
				3817ED181DC682E60050045C /* LaunchScreen.storyboard in Resources */,
				4050F8CC21AFEA78000667C8 /* GoogleService-Info.plist in Resources */,
				3817ED151DC682E60050045C /* Assets.xcassets in Resources */,
				3817ED131DC682E60050045C /* Main.storyboard in Resources */,
			);
			runOnlyForDeploymentPostprocessing = 0;
		};
/* End PBXResourcesBuildPhase section */

/* Begin PBXShellScriptBuildPhase section */
		5567BFA40CECD3E8B481002E /* [CP] Check Pods Manifest.lock */ = {
			isa = PBXShellScriptBuildPhase;
			buildActionMask = 2147483647;
			files = (
			);
			inputPaths = (
				"${PODS_PODFILE_DIR_PATH}/Podfile.lock",
				"${PODS_ROOT}/Manifest.lock",
			);
			name = "[CP] Check Pods Manifest.lock";
			outputPaths = (
				"$(DERIVED_FILE_DIR)/Pods-newsReader-checkManifestLockResult.txt",
			);
			runOnlyForDeploymentPostprocessing = 0;
			shellPath = /bin/sh;
			shellScript = "diff \"${PODS_PODFILE_DIR_PATH}/Podfile.lock\" \"${PODS_ROOT}/Manifest.lock\" > /dev/null\nif [ $? != 0 ] ; then\n    # print error to STDERR\n    echo \"error: The sandbox is not in sync with the Podfile.lock. Run 'pod install' or update your CocoaPods installation.\" >&2\n    exit 1\nfi\n# This output is used by Xcode 'outputs' to avoid re-running this script phase.\necho \"SUCCESS\" > \"${SCRIPT_OUTPUT_FILE_0}\"\n";
			showEnvVarsInLog = 0;
		};
/* End PBXShellScriptBuildPhase section */

/* Begin PBXSourcesBuildPhase section */
		3817ED061DC682E60050045C /* Sources */ = {
			isa = PBXSourcesBuildPhase;
			buildActionMask = 2147483647;
			files = (
				406279D021A6BC6A0035AC0A /* LoginViewController.swift in Sources */,
				3817ED221DC6856E0050045C /* Article.swift in Sources */,
				3817ED101DC682E60050045C /* ViewController.swift in Sources */,
				3817ED0E1DC682E60050045C /* AppDelegate.swift in Sources */,
				3817ED201DC684D30050045C /* ArticleCell.swift in Sources */,
				406279CE21A6B7450035AC0A /* RegisterPageViewController.swift in Sources */,
			);
			runOnlyForDeploymentPostprocessing = 0;
		};
/* End PBXSourcesBuildPhase section */

/* Begin PBXVariantGroup section */
		3817ED111DC682E60050045C /* Main.storyboard */ = {
			isa = PBXVariantGroup;
			children = (
				3817ED121DC682E60050045C /* Base */,
			);
			name = Main.storyboard;
			sourceTree = "<group>";
		};
		3817ED161DC682E60050045C /* LaunchScreen.storyboard */ = {
			isa = PBXVariantGroup;
			children = (
				3817ED171DC682E60050045C /* Base */,
			);
			name = LaunchScreen.storyboard;
			sourceTree = "<group>";
		};
/* End PBXVariantGroup section */

/* Begin XCBuildConfiguration section */
		3817ED1A1DC682E60050045C /* Debug */ = {
			isa = XCBuildConfiguration;
			buildSettings = {
				ALWAYS_SEARCH_USER_PATHS = NO;
				CLANG_ANALYZER_NONNULL = YES;
				CLANG_CXX_LANGUAGE_STANDARD = "gnu++0x";
				CLANG_CXX_LIBRARY = "libc++";
				CLANG_ENABLE_MODULES = YES;
				CLANG_ENABLE_OBJC_ARC = YES;
				CLANG_WARN_BOOL_CONVERSION = YES;
				CLANG_WARN_CONSTANT_CONVERSION = YES;
				CLANG_WARN_DIRECT_OBJC_ISA_USAGE = YES_ERROR;
				CLANG_WARN_DOCUMENTATION_COMMENTS = YES;
				CLANG_WARN_EMPTY_BODY = YES;
				CLANG_WARN_ENUM_CONVERSION = YES;
				CLANG_WARN_INFINITE_RECURSION = YES;
				CLANG_WARN_INT_CONVERSION = YES;
				CLANG_WARN_OBJC_ROOT_CLASS = YES_ERROR;
				CLANG_WARN_SUSPICIOUS_MOVES = YES;
				CLANG_WARN_UNREACHABLE_CODE = YES;
				CLANG_WARN__DUPLICATE_METHOD_MATCH = YES;
				"CODE_SIGN_IDENTITY[sdk=iphoneos*]" = "iPhone Developer";
				COPY_PHASE_STRIP = NO;
				DEBUG_INFORMATION_FORMAT = dwarf;
				ENABLE_STRICT_OBJC_MSGSEND = YES;
				ENABLE_TESTABILITY = YES;
				GCC_C_LANGUAGE_STANDARD = gnu99;
				GCC_DYNAMIC_NO_PIC = NO;
				GCC_NO_COMMON_BLOCKS = YES;
				GCC_OPTIMIZATION_LEVEL = 0;
				GCC_PREPROCESSOR_DEFINITIONS = (
					"DEBUG=1",
					"$(inherited)",
				);
				GCC_WARN_64_TO_32_BIT_CONVERSION = YES;
				GCC_WARN_ABOUT_RETURN_TYPE = YES_ERROR;
				GCC_WARN_UNDECLARED_SELECTOR = YES;
				GCC_WARN_UNINITIALIZED_AUTOS = YES_AGGRESSIVE;
				GCC_WARN_UNUSED_FUNCTION = YES;
				GCC_WARN_UNUSED_VARIABLE = YES;
				IPHONEOS_DEPLOYMENT_TARGET = 10.1;
				MTL_ENABLE_DEBUG_INFO = YES;
				ONLY_ACTIVE_ARCH = YES;
				SDKROOT = iphoneos;
				SWIFT_ACTIVE_COMPILATION_CONDITIONS = DEBUG;
				SWIFT_OPTIMIZATION_LEVEL = "-Onone";
				TARGETED_DEVICE_FAMILY = "1,2";
			};
			name = Debug;
		};
		3817ED1B1DC682E60050045C /* Release */ = {
			isa = XCBuildConfiguration;
			buildSettings = {
				ALWAYS_SEARCH_USER_PATHS = NO;
				CLANG_ANALYZER_NONNULL = YES;
				CLANG_CXX_LANGUAGE_STANDARD = "gnu++0x";
				CLANG_CXX_LIBRARY = "libc++";
				CLANG_ENABLE_MODULES = YES;
				CLANG_ENABLE_OBJC_ARC = YES;
				CLANG_WARN_BOOL_CONVERSION = YES;
				CLANG_WARN_CONSTANT_CONVERSION = YES;
				CLANG_WARN_DIRECT_OBJC_ISA_USAGE = YES_ERROR;
				CLANG_WARN_DOCUMENTATION_COMMENTS = YES;
				CLANG_WARN_EMPTY_BODY = YES;
				CLANG_WARN_ENUM_CONVERSION = YES;
				CLANG_WARN_INFINITE_RECURSION = YES;
				CLANG_WARN_INT_CONVERSION = YES;
				CLANG_WARN_OBJC_ROOT_CLASS = YES_ERROR;
				CLANG_WARN_SUSPICIOUS_MOVES = YES;
				CLANG_WARN_UNREACHABLE_CODE = YES;
				CLANG_WARN__DUPLICATE_METHOD_MATCH = YES;
				"CODE_SIGN_IDENTITY[sdk=iphoneos*]" = "iPhone Developer";
				COPY_PHASE_STRIP = NO;
				DEBUG_INFORMATION_FORMAT = "dwarf-with-dsym";
				ENABLE_NS_ASSERTIONS = NO;
				ENABLE_STRICT_OBJC_MSGSEND = YES;
				GCC_C_LANGUAGE_STANDARD = gnu99;
				GCC_NO_COMMON_BLOCKS = YES;
				GCC_WARN_64_TO_32_BIT_CONVERSION = YES;
				GCC_WARN_ABOUT_RETURN_TYPE = YES_ERROR;
				GCC_WARN_UNDECLARED_SELECTOR = YES;
				GCC_WARN_UNINITIALIZED_AUTOS = YES_AGGRESSIVE;
				GCC_WARN_UNUSED_FUNCTION = YES;
				GCC_WARN_UNUSED_VARIABLE = YES;
				IPHONEOS_DEPLOYMENT_TARGET = 10.1;
				MTL_ENABLE_DEBUG_INFO = NO;
				SDKROOT = iphoneos;
				SWIFT_OPTIMIZATION_LEVEL = "-Owholemodule";
				TARGETED_DEVICE_FAMILY = "1,2";
				VALIDATE_PRODUCT = YES;
			};
			name = Release;
		};
		3817ED1D1DC682E60050045C /* Debug */ = {
			isa = XCBuildConfiguration;
			baseConfigurationReference = CC50310B84E840E22D01B1CB /* Pods-newsReader.debug.xcconfig */;
			buildSettings = {
				ASSETCATALOG_COMPILER_APPICON_NAME = AppIcon;
				CODE_SIGN_STYLE = Manual;
				DEVELOPMENT_TEAM = "";
				INFOPLIST_FILE = newsReader/Info.plist;
				LD_RUNPATH_SEARCH_PATHS = "$(inherited) @executable_path/Frameworks";
				PRODUCT_BUNDLE_IDENTIFIER = nunev.newsReader;
				PRODUCT_NAME = "$(TARGET_NAME)";
				PROVISIONING_PROFILE_SPECIFIER = "";
				SWIFT_VERSION = 3.0;
			};
			name = Debug;
		};
		3817ED1E1DC682E60050045C /* Release */ = {
			isa = XCBuildConfiguration;
			baseConfigurationReference = A28A6DC3D67BDF7737887849 /* Pods-newsReader.release.xcconfig */;
			buildSettings = {
				ASSETCATALOG_COMPILER_APPICON_NAME = AppIcon;
				CODE_SIGN_STYLE = Manual;
				DEVELOPMENT_TEAM = "";
				INFOPLIST_FILE = newsReader/Info.plist;
				LD_RUNPATH_SEARCH_PATHS = "$(inherited) @executable_path/Frameworks";
				PRODUCT_BUNDLE_IDENTIFIER = nunev.newsReader;
				PRODUCT_NAME = "$(TARGET_NAME)";
				PROVISIONING_PROFILE_SPECIFIER = "";
				SWIFT_VERSION = 3.0;
			};
			name = Release;
		};
/* End XCBuildConfiguration section */

/* Begin XCConfigurationList section */
		3817ED051DC682E60050045C /* Build configuration list for PBXProject "newsReader" */ = {
			isa = XCConfigurationList;
			buildConfigurations = (
				3817ED1A1DC682E60050045C /* Debug */,
				3817ED1B1DC682E60050045C /* Release */,
			);
			defaultConfigurationIsVisible = 0;
			defaultConfigurationName = Release;
		};
		3817ED1C1DC682E60050045C /* Build configuration list for PBXNativeTarget "newsReader" */ = {
			isa = XCConfigurationList;
			buildConfigurations = (
				3817ED1D1DC682E60050045C /* Debug */,
				3817ED1E1DC682E60050045C /* Release */,
			);
			defaultConfigurationIsVisible = 0;
			defaultConfigurationName = Release;
		};
/* End XCConfigurationList section */
	};
	rootObject = 3817ED021DC682E60050045C /* Project object */;
}
